
Microsoft Visual Studio Solution File, Format Version 12.00
# Visual Studio Version 16
VisualStudioVersion = 16.0.31624.102
MinimumVisualStudioVersion = 10.0.40219.1
Project("{FAE04EC0-301F-11D3-BF4B-00C04F79EFBC}") = "Lommeregner VS", "Lommeregner VS.csproj", "{DF26BD8C-2801-4499-B96E-3020B9C8DCD6}"
EndProject
Global
	GlobalSection(SolutionConfigurationPlatforms) = preSolution
		Debug|Any CPU = Debug|Any CPU
		Release|Any CPU = Release|Any CPU
	EndGlobalSection
	GlobalSection(ProjectConfigurationPlatforms) = postSolution
		{DF26BD8C-2801-4499-B96E-3020B9C8DCD6}.Debug|Any CPU.ActiveCfg = Debug|Any CPU
		{DF26BD8C-2801-4499-B96E-3020B9C8DCD6}.Debug|Any CPU.Build.0 = Debug|Any CPU
		{DF26BD8C-2801-4499-B96E-3020B9C8DCD6}.Release|Any CPU.ActiveCfg = Release|Any CPU
		{DF26BD8C-2801-4499-B96E-3020B9C8DCD6}.Release|Any CPU.Build.0 = Release|Any CPU
	EndGlobalSection
	GlobalSection(SolutionProperties) = preSolution
		HideSolutionNode = FALSE
	EndGlobalSection
	GlobalSection(ExtensibilityGlobals) = postSolution
		SolutionGuid = {D51FECD5-B1FF-4F5F-BAAE-D12A4A4076A2}
	EndGlobalSection
EndGlobal
